
Microsoft Visual Studio Solution File, Format Version 12.00
# Visual Studio Version 17
VisualStudioVersion = 17.0.32014.148
MinimumVisualStudioVersion = 10.0.40219.1
Project("{FAE04EC0-301F-11D3-BF4B-00C04F79EFBC}") = "AWS_app", "AWS_app.csproj", "{2EF2FAF5-40A8-4AC4-90CC-FB2DB907B87B}"
EndProject
Global
	GlobalSection(SolutionConfigurationPlatforms) = preSolution
		Debug|Any CPU = Debug|Any CPU
		Release|Any CPU = Release|Any CPU
	EndGlobalSection
	GlobalSection(ProjectConfigurationPlatforms) = postSolution
		{2EF2FAF5-40A8-4AC4-90CC-FB2DB907B87B}.Debug|Any CPU.ActiveCfg = Debug|Any CPU
		{2EF2FAF5-40A8-4AC4-90CC-FB2DB907B87B}.Debug|Any CPU.Build.0 = Debug|Any CPU
		{2EF2FAF5-40A8-4AC4-90CC-FB2DB907B87B}.Release|Any CPU.ActiveCfg = Release|Any CPU
		{2EF2FAF5-40A8-4AC4-90CC-FB2DB907B87B}.Release|Any CPU.Build.0 = Release|Any CPU
	EndGlobalSection
	GlobalSection(SolutionProperties) = preSolution
		HideSolutionNode = FALSE
	EndGlobalSection
	GlobalSection(ExtensibilityGlobals) = postSolution
		SolutionGuid = {DFE2D524-81AD-4C2A-8567-94797F7A368B}
	EndGlobalSection
EndGlobal
